// !$*UTF8*$!
{
	archiveVersion = 1;
	classes = {
	};
	objectVersion = 50;
	objects = {

/* Begin PBXBuildFile section */
		D527D46A22C439B9003A38A2 /* AppDelegate.swift in Sources */ = {isa = PBXBuildFile; fileRef = D527D46922C439B9003A38A2 /* AppDelegate.swift */; };
		D527D46C22C439BA003A38A2 /* Assets.xcassets in Resources */ = {isa = PBXBuildFile; fileRef = D527D46B22C439BA003A38A2 /* Assets.xcassets */; };
		D527D46F22C439BA003A38A2 /* MainMenu.xib in Resources */ = {isa = PBXBuildFile; fileRef = D527D46D22C439BA003A38A2 /* MainMenu.xib */; };
		D527D47822C747D3003A38A2 /* SurveyQuestion.swift in Sources */ = {isa = PBXBuildFile; fileRef = D527D47722C747D3003A38A2 /* SurveyQuestion.swift */; };
		D527D47A22C747EC003A38A2 /* Survey.swift in Sources */ = {isa = PBXBuildFile; fileRef = D527D47922C747EC003A38A2 /* Survey.swift */; };
		D527D47C22C747FC003A38A2 /* Surveyor.swift in Sources */ = {isa = PBXBuildFile; fileRef = D527D47B22C747FC003A38A2 /* Surveyor.swift */; };
		D527D47E22C7481E003A38A2 /* SurveyAnswer.swift in Sources */ = {isa = PBXBuildFile; fileRef = D527D47D22C7481E003A38A2 /* SurveyAnswer.swift */; };
		D527D48022C74947003A38A2 /* QuestionFormat.swift in Sources */ = {isa = PBXBuildFile; fileRef = D527D47F22C74947003A38A2 /* QuestionFormat.swift */; };
		D527D48222C74F0D003A38A2 /* RandomSurveyTaker.swift in Sources */ = {isa = PBXBuildFile; fileRef = D527D48122C74F0D003A38A2 /* RandomSurveyTaker.swift */; };
		D527D48422C758D2003A38A2 /* StringArray+Random.swift in Sources */ = {isa = PBXBuildFile; fileRef = D527D48322C758D2003A38A2 /* StringArray+Random.swift */; };
		D527D48622C759C6003A38A2 /* Int+Random.swift in Sources */ = {isa = PBXBuildFile; fileRef = D527D48522C759C6003A38A2 /* Int+Random.swift */; };
		D596715F22C89215006A340D /* MacSurveyTaker.swift in Sources */ = {isa = PBXBuildFile; fileRef = D596715E22C89215006A340D /* MacSurveyTaker.swift */; };
		D596716322C896B7006A340D /* MacSurveyTakerView.swift in Sources */ = {isa = PBXBuildFile; fileRef = D596716222C896B7006A340D /* MacSurveyTakerView.swift */; };
		D5F0B5A122D07BD700CFF1A3 /* MacSurveyTakerView.xib in Resources */ = {isa = PBXBuildFile; fileRef = D5F0B5A022D07BD700CFF1A3 /* MacSurveyTakerView.xib */; };
/* End PBXBuildFile section */

/* Begin PBXFileReference section */
		D527D46622C439B9003A38A2 /* survey.app */ = {isa = PBXFileReference; explicitFileType = wrapper.application; includeInIndex = 0; path = survey.app; sourceTree = BUILT_PRODUCTS_DIR; };
		D527D46922C439B9003A38A2 /* AppDelegate.swift */ = {isa = PBXFileReference; lastKnownFileType = sourcecode.swift; path = AppDelegate.swift; sourceTree = "<group>"; };
		D527D46B22C439BA003A38A2 /* Assets.xcassets */ = {isa = PBXFileReference; lastKnownFileType = folder.assetcatalog; path = Assets.xcassets; sourceTree = "<group>"; };
		D527D46E22C439BA003A38A2 /* Base */ = {isa = PBXFileReference; lastKnownFileType = file.xib; name = Base; path = Base.lproj/MainMenu.xib; sourceTree = "<group>"; };
		D527D47022C439BA003A38A2 /* Info.plist */ = {isa = PBXFileReference; lastKnownFileType = text.plist.xml; path = Info.plist; sourceTree = "<group>"; };
		D527D47122C439BA003A38A2 /* survey.entitlements */ = {isa = PBXFileReference; lastKnownFileType = text.plist.entitlements; path = survey.entitlements; sourceTree = "<group>"; };
		D527D47722C747D3003A38A2 /* SurveyQuestion.swift */ = {isa = PBXFileReference; lastKnownFileType = sourcecode.swift; path = SurveyQuestion.swift; sourceTree = "<group>"; };
		D527D47922C747EC003A38A2 /* Survey.swift */ = {isa = PBXFileReference; lastKnownFileType = sourcecode.swift; path = Survey.swift; sourceTree = "<group>"; };
		D527D47B22C747FC003A38A2 /* Surveyor.swift */ = {isa = PBXFileReference; lastKnownFileType = sourcecode.swift; path = Surveyor.swift; sourceTree = "<group>"; };
		D527D47D22C7481E003A38A2 /* SurveyAnswer.swift */ = {isa = PBXFileReference; lastKnownFileType = sourcecode.swift; path = SurveyAnswer.swift; sourceTree = "<group>"; };
		D527D47F22C74947003A38A2 /* QuestionFormat.swift */ = {isa = PBXFileReference; lastKnownFileType = sourcecode.swift; path = QuestionFormat.swift; sourceTree = "<group>"; };
		D527D48122C74F0D003A38A2 /* RandomSurveyTaker.swift */ = {isa = PBXFileReference; lastKnownFileType = sourcecode.swift; path = RandomSurveyTaker.swift; sourceTree = "<group>"; };
		D527D48322C758D2003A38A2 /* StringArray+Random.swift */ = {isa = PBXFileReference; lastKnownFileType = sourcecode.swift; path = "StringArray+Random.swift"; sourceTree = "<group>"; };
		D527D48522C759C6003A38A2 /* Int+Random.swift */ = {isa = PBXFileReference; lastKnownFileType = sourcecode.swift; path = "Int+Random.swift"; sourceTree = "<group>"; };
		D54E110D25364C0800A613A2 /* Project-Release.xcconfig */ = {isa = PBXFileReference; lastKnownFileType = text.xcconfig; path = "Project-Release.xcconfig"; sourceTree = "<group>"; };
		D54E110E25364C0800A613A2 /* scratcher-Debug.xcconfig */ = {isa = PBXFileReference; lastKnownFileType = text.xcconfig; path = "scratcher-Debug.xcconfig"; sourceTree = "<group>"; };
		D54E110F25364C0800A613A2 /* scratcher-Release.xcconfig */ = {isa = PBXFileReference; lastKnownFileType = text.xcconfig; path = "scratcher-Release.xcconfig"; sourceTree = "<group>"; };
		D54E111025364C0800A613A2 /* Project-Shared.xcconfig */ = {isa = PBXFileReference; lastKnownFileType = text.xcconfig; path = "Project-Shared.xcconfig"; sourceTree = "<group>"; };
		D54E111125364C0800A613A2 /* scratcher-Shared.xcconfig */ = {isa = PBXFileReference; lastKnownFileType = text.xcconfig; path = "scratcher-Shared.xcconfig"; sourceTree = "<group>"; };
		D54E111225364C0800A613A2 /* Project-Debug.xcconfig */ = {isa = PBXFileReference; lastKnownFileType = text.xcconfig; path = "Project-Debug.xcconfig"; sourceTree = "<group>"; };
		D596715E22C89215006A340D /* MacSurveyTaker.swift */ = {isa = PBXFileReference; lastKnownFileType = sourcecode.swift; path = MacSurveyTaker.swift; sourceTree = "<group>"; };
		D596716222C896B7006A340D /* MacSurveyTakerView.swift */ = {isa = PBXFileReference; lastKnownFileType = sourcecode.swift; path = MacSurveyTakerView.swift; sourceTree = "<group>"; };
		D5F0B5A022D07BD700CFF1A3 /* MacSurveyTakerView.xib */ = {isa = PBXFileReference; fileEncoding = 4; lastKnownFileType = file.xib; path = MacSurveyTakerView.xib; sourceTree = "<group>"; };
/* End PBXFileReference section */

/* Begin PBXFrameworksBuildPhase section */
		D527D46322C439B9003A38A2 /* Frameworks */ = {
			isa = PBXFrameworksBuildPhase;
			buildActionMask = 2147483647;
			files = (
			);
			runOnlyForDeploymentPostprocessing = 0;
		};
/* End PBXFrameworksBuildPhase section */

/* Begin PBXGroup section */
		D527D45D22C439B9003A38A2 = {
			isa = PBXGroup;
			children = (
				D527D46822C439B9003A38A2 /* survey */,
				D54E110C25364C0800A613A2 /* xcconfig */,
				D527D46722C439B9003A38A2 /* Products */,
			);
			sourceTree = "<group>";
		};
		D527D46722C439B9003A38A2 /* Products */ = {
			isa = PBXGroup;
			children = (
				D527D46622C439B9003A38A2 /* survey.app */,
			);
			name = Products;
			sourceTree = "<group>";
		};
		D527D46822C439B9003A38A2 /* survey */ = {
			isa = PBXGroup;
			children = (
				D527D46922C439B9003A38A2 /* AppDelegate.swift */,
				D596715E22C89215006A340D /* MacSurveyTaker.swift */,
				D596716222C896B7006A340D /* MacSurveyTakerView.swift */,
				D5F0B5A022D07BD700CFF1A3 /* MacSurveyTakerView.xib */,
				D527D48322C758D2003A38A2 /* StringArray+Random.swift */,
				D527D48522C759C6003A38A2 /* Int+Random.swift */,
				D527D47922C747EC003A38A2 /* Survey.swift */,
				D527D47B22C747FC003A38A2 /* Surveyor.swift */,
				D527D48122C74F0D003A38A2 /* RandomSurveyTaker.swift */,
				D527D47D22C7481E003A38A2 /* SurveyAnswer.swift */,
				D527D47722C747D3003A38A2 /* SurveyQuestion.swift */,
				D527D47F22C74947003A38A2 /* QuestionFormat.swift */,
				D527D46B22C439BA003A38A2 /* Assets.xcassets */,
				D527D46D22C439BA003A38A2 /* MainMenu.xib */,
				D527D47022C439BA003A38A2 /* Info.plist */,
				D527D47122C439BA003A38A2 /* survey.entitlements */,
			);
			path = survey;
			sourceTree = "<group>";
		};
		D54E110C25364C0800A613A2 /* xcconfig */ = {
			isa = PBXGroup;
			children = (
				D54E111225364C0800A613A2 /* Project-Debug.xcconfig */,
				D54E110D25364C0800A613A2 /* Project-Release.xcconfig */,
				D54E111025364C0800A613A2 /* Project-Shared.xcconfig */,
				D54E110E25364C0800A613A2 /* scratcher-Debug.xcconfig */,
				D54E110F25364C0800A613A2 /* scratcher-Release.xcconfig */,
				D54E111125364C0800A613A2 /* scratcher-Shared.xcconfig */,
			);
			path = xcconfig;
			sourceTree = "<group>";
		};
/* End PBXGroup section */

/* Begin PBXNativeTarget section */
		D527D46522C439B9003A38A2 /* scratcher */ = {
			isa = PBXNativeTarget;
			buildConfigurationList = D527D47422C439BA003A38A2 /* Build configuration list for PBXNativeTarget "scratcher" */;
			buildPhases = (
				D527D46222C439B9003A38A2 /* Sources */,
				D527D46322C439B9003A38A2 /* Frameworks */,
				D527D46422C439B9003A38A2 /* Resources */,
			);
			buildRules = (
			);
			dependencies = (
			);
			name = scratcher;
			productName = scratcher;
			productReference = D527D46622C439B9003A38A2 /* survey.app */;
			productType = "com.apple.product-type.application";
		};
/* End PBXNativeTarget section */

/* Begin PBXProject section */
		D527D45E22C439B9003A38A2 /* Project object */ = {
			isa = PBXProject;
			attributes = {
				LastSwiftUpdateCheck = 1020;
				LastUpgradeCheck = 1020;
				ORGANIZATIONNAME = "Olof Hellman";
				TargetAttributes = {
					D527D46522C439B9003A38A2 = {
						CreatedOnToolsVersion = 10.2.1;
					};
				};
			};
			buildConfigurationList = D527D46122C439B9003A38A2 /* Build configuration list for PBXProject "survey" */;
			compatibilityVersion = "Xcode 9.3";
			developmentRegion = en;
			hasScannedForEncodings = 0;
			knownRegions = (
				en,
				Base,
			);
			mainGroup = D527D45D22C439B9003A38A2;
			productRefGroup = D527D46722C439B9003A38A2 /* Products */;
			projectDirPath = "";
			projectRoot = "";
			targets = (
				D527D46522C439B9003A38A2 /* scratcher */,
			);
		};
/* End PBXProject section */

/* Begin PBXResourcesBuildPhase section */
		D527D46422C439B9003A38A2 /* Resources */ = {
			isa = PBXResourcesBuildPhase;
			buildActionMask = 2147483647;
			files = (
				D5F0B5A122D07BD700CFF1A3 /* MacSurveyTakerView.xib in Resources */,
				D527D46C22C439BA003A38A2 /* Assets.xcassets in Resources */,
				D527D46F22C439BA003A38A2 /* MainMenu.xib in Resources */,
			);
			runOnlyForDeploymentPostprocessing = 0;
		};
/* End PBXResourcesBuildPhase section */

/* Begin PBXSourcesBuildPhase section */
		D527D46222C439B9003A38A2 /* Sources */ = {
			isa = PBXSourcesBuildPhase;
			buildActionMask = 2147483647;
			files = (
				D527D47E22C7481E003A38A2 /* SurveyAnswer.swift in Sources */,
				D527D47C22C747FC003A38A2 /* Surveyor.swift in Sources */,
				D527D48022C74947003A38A2 /* QuestionFormat.swift in Sources */,
				D596715F22C89215006A340D /* MacSurveyTaker.swift in Sources */,
				D527D47A22C747EC003A38A2 /* Survey.swift in Sources */,
				D596716322C896B7006A340D /* MacSurveyTakerView.swift in Sources */,
				D527D48222C74F0D003A38A2 /* RandomSurveyTaker.swift in Sources */,
				D527D48422C758D2003A38A2 /* StringArray+Random.swift in Sources */,
				D527D46A22C439B9003A38A2 /* AppDelegate.swift in Sources */,
				D527D48622C759C6003A38A2 /* Int+Random.swift in Sources */,
				D527D47822C747D3003A38A2 /* SurveyQuestion.swift in Sources */,
			);
			runOnlyForDeploymentPostprocessing = 0;
		};
/* End PBXSourcesBuildPhase section */

/* Begin PBXVariantGroup section */
		D527D46D22C439BA003A38A2 /* MainMenu.xib */ = {
			isa = PBXVariantGroup;
			children = (
				D527D46E22C439BA003A38A2 /* Base */,
			);
			name = MainMenu.xib;
			sourceTree = "<group>";
		};
/* End PBXVariantGroup section */

/* Begin XCBuildConfiguration section */
		D527D47222C439BA003A38A2 /* Debug */ = {
			isa = XCBuildConfiguration;
			baseConfigurationReference = D54E111225364C0800A613A2 /* Project-Debug.xcconfig */;
			buildSettings = {
				SWIFT_ACTIVE_COMPILATION_CONDITIONS = DEBUG;
			};
			name = Debug;
		};
		D527D47322C439BA003A38A2 /* Release */ = {
			isa = XCBuildConfiguration;
			baseConfigurationReference = D54E110D25364C0800A613A2 /* Project-Release.xcconfig */;
			buildSettings = {
			};
			name = Release;
		};
		D527D47522C439BA003A38A2 /* Debug */ = {
			isa = XCBuildConfiguration;
			baseConfigurationReference = D54E110E25364C0800A613A2 /* scratcher-Debug.xcconfig */;
			buildSettings = {
			};
			name = Debug;
		};
		D527D47622C439BA003A38A2 /* Release */ = {
			isa = XCBuildConfiguration;
			baseConfigurationReference = D54E110F25364C0800A613A2 /* scratcher-Release.xcconfig */;
			buildSettings = {
			};
			name = Release;
		};
/* End XCBuildConfiguration section */

/* Begin XCConfigurationList section */
		D527D46122C439B9003A38A2 /* Build configuration list for PBXProject "survey" */ = {
			isa = XCConfigurationList;
			buildConfigurations = (
				D527D47222C439BA003A38A2 /* Debug */,
				D527D47322C439BA003A38A2 /* Release */,
			);
			defaultConfigurationIsVisible = 0;
			defaultConfigurationName = Release;
		};
		D527D47422C439BA003A38A2 /* Build configuration list for PBXNativeTarget "scratcher" */ = {
			isa = XCConfigurationList;
			buildConfigurations = (
				D527D47522C439BA003A38A2 /* Debug */,
				D527D47622C439BA003A38A2 /* Release */,
			);
			defaultConfigurationIsVisible = 0;
			defaultConfigurationName = Release;
		};
/* End XCConfigurationList section */
	};
	rootObject = D527D45E22C439B9003A38A2 /* Project object */;
}
